{
    "name": "cj",
    "version": "0.0.1",
    "lockfileVersion": 3,
    "requires": true,
    "packages": {
        "": {
            "name": "cj",
            "version": "0.0.1",
            "dependencies": {
                "vscode-nls": "^5.2.0"
            },
            "devDependencies": {
                "vscode": "1.1.x",
                "vscode-nls-dev": "^4.0.4"
            },
            "engines": {
                "vscode": "^1.75.0"
            }
        },
        "node_modules/@tootallnate/once": {
            "version": "1.1.2",
            "resolved": "https://registry.npmjs.org/@tootallnate/once/-/once-1.1.2.tgz",
            "integrity": "sha512-RbzJvlNzmRq5c3O09UipeuXno4tA1FE6ikOjxZK0tuxVv3412l64l5t1W5pj4+rJq9vpkm/kwiR07aZXnsKPxw==",
            "dev": true,
            "engines": {
                "node": ">= 6"
            }
        },
        "node_modules/agent-base": {
            "version": "6.0.2",
            "resolved": "https://registry.npmjs.org/agent-base/-/agent-base-6.0.2.tgz",
            "integrity": "sha512-RZNwNclF7+MS/8bDg70amg32dyeZGZxiDuQmZxKLAlQjr3jGyLx+4Kkk58UO7D2QdgFIQCovuSuZESne6RG6XQ==",
            "dev": true,
            "dependencies": {
                "debug": "4"
            },
            "engines": {
                "node": ">= 6.0.0"
            }
        },
        "node_modules/ansi-colors": {
            "version": "4.1.3",
            "resolved": "https://registry.npmjs.org/ansi-colors/-/ansi-colors-4.1.3.tgz",
            "integrity": "sha512-/6w/C21Pm1A7aZitlI5Ni/2J6FFQN8i1Cvz3kHABAAbw93v/NlvKdVOqz7CCWz/3iv/JplRSEEZ83XION15ovw==",
            "dev": true,
            "engines": {
                "node": ">=6"
            }
        },
        "node_modules/ansi-gray": {
            "version": "0.1.1",
            "resolved": "https://registry.npmjs.org/ansi-gray/-/ansi-gray-0.1.1.tgz",
            "integrity": "sha512-HrgGIZUl8h2EHuZaU9hTR/cU5nhKxpVE1V6kdGsQ8e4zirElJ5fvtfc8N7Q1oq1aatO275i8pUFUCpNWCAnVWw==",
            "dev": true,
            "dependencies": {
                "ansi-wrap": "0.1.0"
            },
            "engines": {
                "node": ">=0.10.0"
            }
        },
        "node_modules/ansi-regex": {
            "version": "5.0.1",
            "resolved": "https://registry.npmjs.org/ansi-regex/-/ansi-regex-5.0.1.tgz",
            "integrity": "sha512-quJQXlTSUGL2LH9SUXo8VwsY4soanhgo6LNSm84E1LBcE8s3O0wpdiRzyR9z/ZZJMlMWv37qOOb9pdJlMUEKFQ==",
            "dev": true,
            "engines": {
                "node": ">=8"
            }
        },
        "node_modules/ansi-styles": {
            "version": "4.3.0",
            "resolved": "https://registry.npmjs.org/ansi-styles/-/ansi-styles-4.3.0.tgz",
            "integrity": "sha512-zbB9rCJAT1rbjiVDb2hqKFHNYLxgtk8NURxZ3IZwD3F6NtxbXZQCnnSi1Lkx+IDohdPlFp222wVALIheZJQSEg==",
            "dev": true,
            "dependencies": {
                "color-convert": "^2.0.1"
            },
            "engines": {
                "node": ">=8"
            },
            "funding": {
                "url": "https://github.com/chalk/ansi-styles?sponsor=1"
            }
        },
        "node_modules/ansi-wrap": {
            "version": "0.1.0",
            "resolved": "https://registry.npmjs.org/ansi-wrap/-/ansi-wrap-0.1.0.tgz",
            "integrity": "sha512-ZyznvL8k/FZeQHr2T6LzcJ/+vBApDnMNZvfVFy3At0knswWd6rJ3/0Hhmpu8oqa6C92npmozs890sX9Dl6q+Qw==",
            "dev": true,
            "engines": {
                "node": ">=0.10.0"
            }
        },
        "node_modules/balanced-match": {
            "version": "1.0.2",
            "resolved": "https://registry.npmjs.org/balanced-match/-/balanced-match-1.0.2.tgz",
            "integrity": "sha512-3oSeUO0TMV67hN1AmbXsK4yaqU7tjiHlbxRDZOpH0KW9+CeX4bRAaX0Anxt0tx2MrpRpWwQaPwIlISEJhYU5Pw==",
            "dev": true
        },
        "node_modules/brace-expansion": {
            "version": "1.1.11",
            "resolved": "https://registry.npmjs.org/brace-expansion/-/brace-expansion-1.1.11.tgz",
            "integrity": "sha512-iCuPHDFgrHX7H2vEI/5xpz07zSHB00TpugqhmYtVmMO6518mCuRMoOYFldEBl0g187ufozdaHgWKcYFb61qGiA==",
            "dev": true,
            "dependencies": {
                "balanced-match": "^1.0.0",
                "concat-map": "0.0.1"
            }
        },
        "node_modules/browser-stdout": {
            "version": "1.3.1",
            "resolved": "https://registry.npmjs.org/browser-stdout/-/browser-stdout-1.3.1.tgz",
            "integrity": "sha512-qhAVI1+Av2X7qelOfAIYwXONood6XlZE/fXaBSmW/T5SzLAmCgzi+eiWE7fUvbHaeNBQH13UftjpXxsfLkMpgw==",
            "dev": true
        },
        "node_modules/buffer-from": {
            "version": "1.1.2",
            "resolved": "https://registry.npmjs.org/buffer-from/-/buffer-from-1.1.2.tgz",
            "integrity": "sha512-E+XQCRwSbaaiChtv6k6Dwgc+bx+Bs6vuKJHHl5kox/BaKbhiXzqQOwK4cO22yElGp2OCmjwVhT3HmxgyPGnJfQ==",
            "dev": true
        },
        "node_modules/cliui": {
            "version": "8.0.1",
            "resolved": "https://registry.npmjs.org/cliui/-/cliui-8.0.1.tgz",
            "integrity": "sha512-BSeNnyus75C4//NQ9gQt1/csTXyo/8Sb+afLAkzAptFuMsod9HFokGNudZpi/oQV73hnVK+sR+5PVRMd+Dr7YQ==",
            "dev": true,
            "dependencies": {
                "string-width": "^4.2.0",
                "strip-ansi": "^6.0.1",
                "wrap-ansi": "^7.0.0"
            },
            "engines": {
                "node": ">=12"
            }
        },
        "node_modules/clone-buffer": {
            "version": "1.0.0",
            "resolved": "https://registry.npmjs.org/clone-buffer/-/clone-buffer-1.0.0.tgz",
            "integrity": "sha512-KLLTJWrvwIP+OPfMn0x2PheDEP20RPUcGXj/ERegTgdmPEZylALQldygiqrPPu8P45uNuPs7ckmReLY6v/iA5g==",
            "dev": true,
            "engines": {
                "node": ">= 0.10"
            }
        },
        "node_modules/clone-stats": {
            "version": "1.0.0",
            "resolved": "https://registry.npmjs.org/clone-stats/-/clone-stats-1.0.0.tgz",
            "integrity": "sha512-au6ydSpg6nsrigcZ4m8Bc9hxjeW+GJ8xh5G3BJCMt4WXe1H10UNaVOamqQTmrx1kjVuxAHIQSNU6hY4Nsn9/ag==",
            "dev": true
        },
        "node_modules/cloneable-readable": {
            "version": "1.1.3",
            "resolved": "https://registry.npmjs.org/cloneable-readable/-/cloneable-readable-1.1.3.tgz",
            "integrity": "sha512-2EF8zTQOxYq70Y4XKtorQupqF0m49MBz2/yf5Bj+MHjvpG3Hy7sImifnqD6UA+TKYxeSV+u6qqQPawN5UvnpKQ==",
            "dev": true,
            "dependencies": {
                "inherits": "^2.0.1",
                "process-nextick-args": "^2.0.0",
                "readable-stream": "^2.3.5"
            }
        },
        "node_modules/color-convert": {
            "version": "2.0.1",
            "resolved": "https://registry.npmjs.org/color-convert/-/color-convert-2.0.1.tgz",
            "integrity": "sha512-RRECPsj7iu/xb5oKYcsFHSppFNnsj/52OVTRKb4zP5onXwVF3zVmmToNcOfGC+CRDpfK/U584fMg38ZHCaElKQ==",
            "dev": true,
            "dependencies": {
                "color-name": "~1.1.4"
            },
            "engines": {
                "node": ">=7.0.0"
            }
        },
        "node_modules/color-name": {
            "version": "1.1.4",
            "resolved": "https://registry.npmjs.org/color-name/-/color-name-1.1.4.tgz",
            "integrity": "sha512-dOy+3AuW3a2wNbZHIuMZpTcgjGuLU/uBL/ubcZF9OXbDo8ff4O8yVp5Bf0efS8uEoYo5q4Fx7dY9OgQGXgAsQA==",
            "dev": true
        },
        "node_modules/color-support": {
            "version": "1.1.3",
            "resolved": "https://registry.npmjs.org/color-support/-/color-support-1.1.3.tgz",
            "integrity": "sha512-qiBjkpbMLO/HL68y+lh4q0/O1MZFj2RX6X/KmMa3+gJD3z+WwI1ZzDHysvqHGS3mP6mznPckpXmw1nI9cJjyRg==",
            "dev": true,
            "bin": {
                "color-support": "bin.js"
            }
        },
        "node_modules/commander": {
            "version": "2.15.1",
            "resolved": "https://registry.npmjs.org/commander/-/commander-2.15.1.tgz",
            "integrity": "sha512-VlfT9F3V0v+jr4yxPc5gg9s62/fIVWsd2Bk2iD435um1NlGMYdVCq+MjcXnhYq2icNOizHr1kK+5TI6H0Hy0ag==",
            "dev": true
        },
        "node_modules/concat-map": {
            "version": "0.0.1",
            "resolved": "https://registry.npmjs.org/concat-map/-/concat-map-0.0.1.tgz",
            "integrity": "sha512-/Srv4dswyQNBfohGpz9o6Yb3Gz3SrUDqBH5rTuhGR7ahtlbYKnVxw2bCFMRljaA7EXHaXZ8wsHdodFvbkhKmqg==",
            "dev": true
        },
        "node_modules/core-util-is": {
            "version": "1.0.3",
            "resolved": "https://registry.npmjs.org/core-util-is/-/core-util-is-1.0.3.tgz",
            "integrity": "sha512-ZQBvi1DcpJ4GDqanjucZ2Hj3wEO5pZDS89BWbkcrvdxksJorwUDDZamX9ldFkp9aw2lmBDLgkObEA4DWNJ9FYQ==",
            "dev": true
        },
        "node_modules/debug": {
            "version": "4.3.7",
            "resolved": "https://registry.npmjs.org/debug/-/debug-4.3.7.tgz",
            "integrity": "sha512-Er2nc/H7RrMXZBFCEim6TCmMk02Z8vLC2Rbi1KEBggpo0fS6l0S1nnapwmIi3yW/+GOJap1Krg4w0Hg80oCqgQ==",
            "dev": true,
            "dependencies": {
                "ms": "^2.1.3"
            },
            "engines": {
                "node": ">=6.0"
            },
            "peerDependenciesMeta": {
                "supports-color": {
                    "optional": true
                }
            }
        },
        "node_modules/diff": {
            "version": "3.5.0",
            "resolved": "https://registry.npmjs.org/diff/-/diff-3.5.0.tgz",
            "integrity": "sha512-A46qtFgd+g7pDZinpnwiRJtxbC1hpgf0uzP3iG89scHk0AUC7A1TGxf5OiiOUv/JMZR8GOt8hL900hV0bOy5xA==",
            "dev": true,
            "engines": {
                "node": ">=0.3.1"
            }
        },
        "node_modules/duplexer": {
            "version": "0.1.2",
            "resolved": "https://registry.npmjs.org/duplexer/-/duplexer-0.1.2.tgz",
            "integrity": "sha512-jtD6YG370ZCIi/9GTaJKQxWTZD045+4R4hTk/x1UyoqadyJ9x9CgSi1RlVDQF8U2sxLLSnFkCaMihqljHIWgMg==",
            "dev": true
        },
        "node_modules/emoji-regex": {
            "version": "8.0.0",
            "resolved": "https://registry.npmjs.org/emoji-regex/-/emoji-regex-8.0.0.tgz",
            "integrity": "sha512-MSjYzcWNOA0ewAHpz0MxpYFvwg6yjy1NG3xteoqz644VCo/RPgnr1/GGt+ic3iJTzQ8Eu3TdM14SawnVUmGE6A==",
            "dev": true
        },
        "node_modules/es6-promise": {
            "version": "4.2.8",
            "resolved": "https://registry.npmjs.org/es6-promise/-/es6-promise-4.2.8.tgz",
            "integrity": "sha512-HJDGx5daxeIvxdBxvG2cb9g4tEvwIk3i8+nhX0yGrYmZUzbkdg8QbDevheDB8gd0//uPj4c1EQua8Q+MViT0/w==",
            "dev": true
        },
        "node_modules/es6-promisify": {
            "version": "5.0.0",
            "resolved": "https://registry.npmjs.org/es6-promisify/-/es6-promisify-5.0.0.tgz",
            "integrity": "sha512-C+d6UdsYDk0lMebHNR4S2NybQMMngAOnOwYBQjTOiv0MkoJMP0Myw2mgpDLBcpfCmRLxyFqYhS/CfOENq4SJhQ==",
            "dev": true,
            "dependencies": {
                "es6-promise": "^4.0.3"
            }
        },
        "node_modules/escalade": {
            "version": "3.2.0",
            "resolved": "https://registry.npmjs.org/escalade/-/escalade-3.2.0.tgz",
            "integrity": "sha512-WUj2qlxaQtO4g6Pq5c29GTcWGDyd8itL8zTlipgECz3JesAiiOKotd8JU6otB3PACgG6xkJUyVhboMS+bje/jA==",
            "dev": true,
            "engines": {
                "node": ">=6"
            }
        },
        "node_modules/escape-string-regexp": {
            "version": "1.0.5",
            "resolved": "https://registry.npmjs.org/escape-string-regexp/-/escape-string-regexp-1.0.5.tgz",
            "integrity": "sha512-vbRorB5FUQWvla16U8R/qgaFIya2qGzwDrNmCZuYKrbdSUMG6I1ZCGQRefkRVhuOkIGVne7BQ35DSfo1qvJqFg==",
            "dev": true,
            "engines": {
                "node": ">=0.8.0"
            }
        },
        "node_modules/event-stream": {
            "version": "3.3.4",
            "resolved": "https://registry.npmjs.org/event-stream/-/event-stream-3.3.4.tgz",
            "integrity": "sha512-QHpkERcGsR0T7Qm3HNJSyXKEEj8AHNxkY3PK8TS2KJvQ7NiSHe3DDpwVKKtoYprL/AreyzFBeIkBIWChAqn60g==",
            "dev": true,
            "dependencies": {
                "duplexer": "~0.1.1",
                "from": "~0",
                "map-stream": "~0.1.0",
                "pause-stream": "0.0.11",
                "split": "0.3",
                "stream-combiner": "~0.0.4",
                "through": "~2.3.1"
            }
        },
        "node_modules/fancy-log": {
            "version": "1.3.3",
            "resolved": "https://registry.npmjs.org/fancy-log/-/fancy-log-1.3.3.tgz",
            "integrity": "sha512-k9oEhlyc0FrVh25qYuSELjr8oxsCoc4/LEZfg2iJJrfEk/tZL9bCoJE47gqAvI2m/AUjluCS4+3I0eTx8n3AEw==",
            "dev": true,
            "dependencies": {
                "ansi-gray": "^0.1.1",
                "color-support": "^1.1.3",
                "parse-node-version": "^1.0.0",
                "time-stamp": "^1.0.0"
            },
            "engines": {
                "node": ">= 0.10"
            }
        },
        "node_modules/from": {
            "version": "0.1.7",
            "resolved": "https://registry.npmjs.org/from/-/from-0.1.7.tgz",
            "integrity": "sha512-twe20eF1OxVxp/ML/kq2p1uc6KvFK/+vs8WjEbeKmV2He22MKm7YF2ANIt+EOqhJ5L3K/SuuPhk0hWQDjOM23g==",
            "dev": true
        },
        "node_modules/fs.realpath": {
            "version": "1.0.0",
            "resolved": "https://registry.npmjs.org/fs.realpath/-/fs.realpath-1.0.0.tgz",
            "integrity": "sha512-OO0pH2lK6a0hZnAdau5ItzHPI6pUlvI7jMVnxUQRtw4owF2wk8lOSabtGDCTP4Ggrg2MbGnWO9X8K1t4+fGMDw==",
            "dev": true
        },
        "node_modules/get-caller-file": {
            "version": "2.0.5",
            "resolved": "https://registry.npmjs.org/get-caller-file/-/get-caller-file-2.0.5.tgz",
            "integrity": "sha512-DyFP3BM/3YHTQOCUL/w0OZHR0lpKeGrxotcHWcqNEdnltqFwXVfhEBQ94eIo34AfQpo0rGki4cyIiftY06h2Fg==",
            "dev": true,
            "engines": {
                "node": "6.* || 8.* || >= 10.*"
            }
        },
        "node_modules/glob": {
            "version": "7.2.3",
            "resolved": "https://registry.npmjs.org/glob/-/glob-7.2.3.tgz",
            "integrity": "sha512-nFR0zLpU2YCaRxwoCJvL6UvCH2JFyFVIvwTLsIf21AuHlMskA1hhTdk+LlYJtOlYt9v6dvszD2BGRqBL+iQK9Q==",
            "deprecated": "Glob versions prior to v9 are no longer supported",
            "dev": true,
            "dependencies": {
                "fs.realpath": "^1.0.0",
                "inflight": "^1.0.4",
                "inherits": "2",
                "minimatch": "^3.1.1",
                "once": "^1.3.0",
                "path-is-absolute": "^1.0.0"
            },
            "engines": {
                "node": "*"
            },
            "funding": {
                "url": "https://github.com/sponsors/isaacs"
            }
        },
        "node_modules/growl": {
            "version": "1.10.5",
            "resolved": "https://registry.npmjs.org/growl/-/growl-1.10.5.tgz",
            "integrity": "sha512-qBr4OuELkhPenW6goKVXiv47US3clb3/IbuWF9KNKEijAy9oeHxU9IgzjvJhHkUzhaj7rOUD7+YGWqUjLp5oSA==",
            "dev": true,
            "engines": {
                "node": ">=4.x"
            }
        },
        "node_modules/has-flag": {
            "version": "3.0.0",
            "resolved": "https://registry.npmjs.org/has-flag/-/has-flag-3.0.0.tgz",
            "integrity": "sha512-sKJf1+ceQBr4SMkvQnBDNDtf4TXpVhVGateu0t918bl30FnbE2m4vNLX+VWe/dpjlb+HugGYzW7uQXH98HPEYw==",
            "dev": true,
            "engines": {
                "node": ">=4"
            }
        },
        "node_modules/he": {
            "version": "1.1.1",
            "resolved": "https://registry.npmjs.org/he/-/he-1.1.1.tgz",
            "integrity": "sha512-z/GDPjlRMNOa2XJiB4em8wJpuuBfrFOlYKTZxtpkdr1uPdibHI8rYA3MY0KDObpVyaes0e/aunid/t88ZI2EKA==",
            "dev": true,
            "bin": {
                "he": "bin/he"
            }
        },
        "node_modules/http-proxy-agent": {
            "version": "4.0.1",
            "resolved": "https://registry.npmjs.org/http-proxy-agent/-/http-proxy-agent-4.0.1.tgz",
            "integrity": "sha512-k0zdNgqWTGA6aeIRVpvfVob4fL52dTfaehylg0Y4UvSySvOq/Y+BOyPrgpUrA7HylqvU8vIZGsRuXmspskV0Tg==",
            "dev": true,
            "dependencies": {
                "@tootallnate/once": "1",
                "agent-base": "6",
                "debug": "4"
            },
            "engines": {
                "node": ">= 6"
            }
        },
        "node_modules/https-proxy-agent": {
            "version": "5.0.1",
            "resolved": "https://registry.npmjs.org/https-proxy-agent/-/https-proxy-agent-5.0.1.tgz",
            "integrity": "sha512-dFcAjpTQFgoLMzC2VwU+C/CbS7uRL0lWmxDITmqm7C+7F0Odmj6s9l6alZc6AELXhrnggM2CeWSXHGOdX2YtwA==",
            "dev": true,
            "dependencies": {
                "agent-base": "6",
                "debug": "4"
            },
            "engines": {
                "node": ">= 6"
            }
        },
        "node_modules/iconv-lite": {
            "version": "0.6.3",
            "resolved": "https://registry.npmjs.org/iconv-lite/-/iconv-lite-0.6.3.tgz",
            "integrity": "sha512-4fCk79wshMdzMp2rH06qWrJE4iolqLhCUH+OiuIgU++RB0+94NlDL81atO7GX55uUKueo0txHNtvEyI6D7WdMw==",
            "dev": true,
            "dependencies": {
                "safer-buffer": ">= 2.1.2 < 3.0.0"
            },
            "engines": {
                "node": ">=0.10.0"
            }
        },
        "node_modules/inflight": {
            "version": "1.0.6",
            "resolved": "https://registry.npmjs.org/inflight/-/inflight-1.0.6.tgz",
            "integrity": "sha512-k92I/b08q4wvFscXCLvqfsHCrjrF7yiXsQuIVvVE7N82W3+aqpzuUdBbfhWcy/FZR3/4IgflMgKLOsvPDrGCJA==",
            "deprecated": "This module is not supported, and leaks memory. Do not use it. Check out lru-cache if you want a good and tested way to coalesce async requests by a key value, which is much more comprehensive and powerful.",
            "dev": true,
            "dependencies": {
                "once": "^1.3.0",
                "wrappy": "1"
            }
        },
        "node_modules/inherits": {
            "version": "2.0.4",
            "resolved": "https://registry.npmjs.org/inherits/-/inherits-2.0.4.tgz",
            "integrity": "sha512-k/vGaX4/Yla3WzyMCvTQOXYeIHvqOKtnqBduzTHpzpQZzAskKMhZ2K+EnBiSM9zGSoIFeMpXKxa4dYeZIQqewQ==",
            "dev": true
        },
        "node_modules/is": {
            "version": "3.3.0",
            "resolved": "https://registry.npmjs.org/is/-/is-3.3.0.tgz",
            "integrity": "sha512-nW24QBoPcFGGHJGUwnfpI7Yc5CdqWNdsyHQszVE/z2pKHXzh7FZ5GWhJqSyaQ9wMkQnsTx+kAI8bHlCX4tKdbg==",
            "dev": true,
            "engines": {
                "node": "*"
            }
        },
        "node_modules/is-fullwidth-code-point": {
            "version": "3.0.0",
            "resolved": "https://registry.npmjs.org/is-fullwidth-code-point/-/is-fullwidth-code-point-3.0.0.tgz",
            "integrity": "sha512-zymm5+u+sCsSWyD9qNaejV3DFvhCKclKdizYaJUuHA83RLjb7nSuGnddCHGv0hk+KY7BMAlsWeK4Ueg6EV6XQg==",
            "dev": true,
            "engines": {
                "node": ">=8"
            }
        },
        "node_modules/isarray": {
            "version": "1.0.0",
            "resolved": "https://registry.npmjs.org/isarray/-/isarray-1.0.0.tgz",
            "integrity": "sha512-VLghIWNM6ELQzo7zwmcg0NmTVyWKYjvIeM83yjp0wRDTmUnrM678fQbcKBo6n2CJEF0szoG//ytg+TKla89ALQ==",
            "dev": true
        },
        "node_modules/map-stream": {
            "version": "0.1.0",
            "resolved": "https://registry.npmjs.org/map-stream/-/map-stream-0.1.0.tgz",
            "integrity": "sha512-CkYQrPYZfWnu/DAmVCpTSX/xHpKZ80eKh2lAkyA6AJTef6bW+6JpbQZN5rofum7da+SyN1bi5ctTm+lTfcCW3g==",
            "dev": true
        },
        "node_modules/minimatch": {
            "version": "3.1.2",
            "resolved": "https://registry.npmjs.org/minimatch/-/minimatch-3.1.2.tgz",
            "integrity": "sha512-J7p63hRiAjw1NDEww1W7i37+ByIrOWO5XQQAzZ3VOcL0PNybwpfmV/N05zFAzwQ9USyEcX6t3UO+K5aqBQOIHw==",
            "dev": true,
            "dependencies": {
                "brace-expansion": "^1.1.7"
            },
            "engines": {
                "node": "*"
            }
        },
        "node_modules/minimist": {
            "version": "0.0.8",
            "resolved": "https://registry.npmjs.org/minimist/-/minimist-0.0.8.tgz",
            "integrity": "sha512-miQKw5Hv4NS1Psg2517mV4e4dYNaO3++hjAvLOAzKqZ61rH8NS1SK+vbfBWZ5PY/Me/bEWhUwqMghEW5Fb9T7Q==",
            "dev": true
        },
        "node_modules/mkdirp": {
            "version": "0.5.1",
            "resolved": "https://registry.npmjs.org/mkdirp/-/mkdirp-0.5.1.tgz",
            "integrity": "sha512-SknJC52obPfGQPnjIkXbmA6+5H15E+fR+E4iR2oQ3zzCLbd7/ONua69R/Gw7AgkTLsRG+r5fzksYwWe1AgTyWA==",
            "deprecated": "Legacy versions of mkdirp are no longer supported. Please update to mkdirp 1.x. (Note that the API surface has changed to use Promises in 1.x.)",
            "dev": true,
            "dependencies": {
                "minimist": "0.0.8"
            },
            "bin": {
                "mkdirp": "bin/cmd.js"
            }
        },
        "node_modules/mocha": {
            "version": "5.2.0",
            "resolved": "https://registry.npmjs.org/mocha/-/mocha-5.2.0.tgz",
            "integrity": "sha512-2IUgKDhc3J7Uug+FxMXuqIyYzH7gJjXECKe/w43IGgQHTSj3InJi+yAA7T24L9bQMRKiUEHxEX37G5JpVUGLcQ==",
            "dev": true,
            "dependencies": {
                "browser-stdout": "1.3.1",
                "commander": "2.15.1",
                "debug": "3.1.0",
                "diff": "3.5.0",
                "escape-string-regexp": "1.0.5",
                "glob": "7.1.2",
                "growl": "1.10.5",
                "he": "1.1.1",
                "minimatch": "3.0.4",
                "mkdirp": "0.5.1",
                "supports-color": "5.4.0"
            },
            "bin": {
                "_mocha": "bin/_mocha",
                "mocha": "bin/mocha"
            },
            "engines": {
                "node": ">= 4.0.0"
            }
        },
        "node_modules/mocha/node_modules/debug": {
            "version": "3.1.0",
            "resolved": "https://registry.npmjs.org/debug/-/debug-3.1.0.tgz",
            "integrity": "sha512-OX8XqP7/1a9cqkxYw2yXss15f26NKWBpDXQd0/uK/KPqdQhxbPa994hnzjcE2VqQpDslf55723cKPUOGSmMY3g==",
            "dev": true,
            "dependencies": {
                "ms": "2.0.0"
            }
        },
        "node_modules/mocha/node_modules/glob": {
            "version": "7.1.2",
            "resolved": "https://registry.npmjs.org/glob/-/glob-7.1.2.tgz",
            "integrity": "sha512-MJTUg1kjuLeQCJ+ccE4Vpa6kKVXkPYJ2mOCQyUuKLcLQsdrMCpBPUi8qVE6+YuaJkozeA9NusTAw3hLr8Xe5EQ==",
            "deprecated": "Glob versions prior to v9 are no longer supported",
            "dev": true,
            "dependencies": {
                "fs.realpath": "^1.0.0",
                "inflight": "^1.0.4",
                "inherits": "2",
                "minimatch": "^3.0.4",
                "once": "^1.3.0",
                "path-is-absolute": "^1.0.0"
            },
            "engines": {
                "node": "*"
            }
        },
        "node_modules/mocha/node_modules/minimatch": {
            "version": "3.0.4",
            "resolved": "https://registry.npmjs.org/minimatch/-/minimatch-3.0.4.tgz",
            "integrity": "sha512-yJHVQEhyqPLUTgt9B83PXu6W3rx4MvvHvSUvToogpwoGDOUQ+yDrR0HRot+yOCdCO7u4hX3pWft6kWBBcqh0UA==",
            "dev": true,
            "dependencies": {
                "brace-expansion": "^1.1.7"
            },
            "engines": {
                "node": "*"
            }
        },
        "node_modules/mocha/node_modules/ms": {
            "version": "2.0.0",
            "resolved": "https://registry.npmjs.org/ms/-/ms-2.0.0.tgz",
            "integrity": "sha512-Tpp60P6IUJDTuOq/5Z8cdskzJujfwqfOTkrwIwj7IRISpnkJnT6SyJ4PCPnGMoFjC9ddhal5KVIYtAt97ix05A==",
            "dev": true
        },
        "node_modules/ms": {
            "version": "2.1.3",
            "resolved": "https://registry.npmjs.org/ms/-/ms-2.1.3.tgz",
            "integrity": "sha512-6FlzubTLZG3J2a/NVCAleEhjzq5oxgHyaCU9yYXvcLsvoVaHJq/s5xXI6/XXP6tz7R9xAOtHnSO/tXtF3WRTlA==",
            "dev": true
        },
        "node_modules/once": {
            "version": "1.4.0",
            "resolved": "https://registry.npmjs.org/once/-/once-1.4.0.tgz",
            "integrity": "sha512-lNaJgI+2Q5URQBkccEKHTQOPaXdUxnZZElQTZY0MFUAuaEqe1E+Nyvgdz/aIyNi6Z9MzO5dv1H8n58/GELp3+w==",
            "dev": true,
            "dependencies": {
                "wrappy": "1"
            }
        },
        "node_modules/parse-node-version": {
            "version": "1.0.1",
            "resolved": "https://registry.npmjs.org/parse-node-version/-/parse-node-version-1.0.1.tgz",
            "integrity": "sha512-3YHlOa/JgH6Mnpr05jP9eDG254US9ek25LyIxZlDItp2iJtwyaXQb57lBYLdT3MowkUFYEV2XXNAYIPlESvJlA==",
            "dev": true,
            "engines": {
                "node": ">= 0.10"
            }
        },
        "node_modules/path-is-absolute": {
            "version": "1.0.1",
            "resolved": "https://registry.npmjs.org/path-is-absolute/-/path-is-absolute-1.0.1.tgz",
            "integrity": "sha512-AVbw3UJ2e9bq64vSaS9Am0fje1Pa8pbGqTTsmXfaIiMpnr5DlDhfJOuLj9Sf95ZPVDAUerDfEk88MPmPe7UCQg==",
            "dev": true,
            "engines": {
                "node": ">=0.10.0"
            }
        },
        "node_modules/pause-stream": {
            "version": "0.0.11",
            "resolved": "https://registry.npmjs.org/pause-stream/-/pause-stream-0.0.11.tgz",
            "integrity": "sha512-e3FBlXLmN/D1S+zHzanP4E/4Z60oFAa3O051qt1pxa7DEJWKAyil6upYVXCWadEnuoqa4Pkc9oUx9zsxYeRv8A==",
            "dev": true,
            "dependencies": {
                "through": "~2.3"
            }
        },
        "node_modules/process-nextick-args": {
            "version": "2.0.1",
            "resolved": "https://registry.npmjs.org/process-nextick-args/-/process-nextick-args-2.0.1.tgz",
            "integrity": "sha512-3ouUOpQhtgrbOa17J7+uxOTpITYWaGP7/AhoR3+A+/1e9skrzelGi/dXzEYyvbxubEF6Wn2ypscTKiKJFFn1ag==",
            "dev": true
        },
        "node_modules/readable-stream": {
            "version": "2.3.8",
            "resolved": "https://registry.npmjs.org/readable-stream/-/readable-stream-2.3.8.tgz",
            "integrity": "sha512-8p0AUk4XODgIewSi0l8Epjs+EVnWiK7NoDIEGU0HhE7+ZyY8D1IMY7odu5lRrFXGg71L15KG8QrPmum45RTtdA==",
            "dev": true,
            "dependencies": {
                "core-util-is": "~1.0.0",
                "inherits": "~2.0.3",
                "isarray": "~1.0.0",
                "process-nextick-args": "~2.0.0",
                "safe-buffer": "~5.1.1",
                "string_decoder": "~1.1.1",
                "util-deprecate": "~1.0.1"
            }
        },
        "node_modules/readable-stream/node_modules/safe-buffer": {
            "version": "5.1.2",
            "resolved": "https://registry.npmjs.org/safe-buffer/-/safe-buffer-5.1.2.tgz",
            "integrity": "sha512-Gd2UZBJDkXlY7GbJxfsE8/nvKkUEU1G38c1siN6QP6a9PT9MmHB8GnpscSmMJSoF8LOIrt8ud/wPtojys4G6+g==",
            "dev": true
        },
        "node_modules/remove-trailing-separator": {
            "version": "1.1.0",
            "resolved": "https://registry.npmjs.org/remove-trailing-separator/-/remove-trailing-separator-1.1.0.tgz",
            "integrity": "sha512-/hS+Y0u3aOfIETiaiirUFwDBDzmXPvO+jAfKTitUngIPzdKc6Z0LoFjM/CK5PL4C+eKwHohlHAb6H0VFfmmUsw==",
            "dev": true
        },
        "node_modules/replace-ext": {
            "version": "1.0.1",
            "resolved": "https://registry.npmjs.org/replace-ext/-/replace-ext-1.0.1.tgz",
            "integrity": "sha512-yD5BHCe7quCgBph4rMQ+0KkIRKwWCrHDOX1p1Gp6HwjPM5kVoCdKGNhN7ydqqsX6lJEnQDKZ/tFMiEdQ1dvPEw==",
            "dev": true,
            "engines": {
                "node": ">= 0.10"
            }
        },
        "node_modules/require-directory": {
            "version": "2.1.1",
            "resolved": "https://registry.npmjs.org/require-directory/-/require-directory-2.1.1.tgz",
            "integrity": "sha512-fGxEI7+wsG9xrvdjsrlmL22OMTTiHRwAMroiEeMgq8gzoLC/PQr7RsRDSTLUg/bZAZtF+TVIkHc6/4RIKrui+Q==",
            "dev": true,
            "engines": {
                "node": ">=0.10.0"
            }
        },
        "node_modules/safer-buffer": {
            "version": "2.1.2",
            "resolved": "https://registry.npmjs.org/safer-buffer/-/safer-buffer-2.1.2.tgz",
            "integrity": "sha512-YZo3K82SD7Riyi0E1EQPojLz7kpepnSQI9IyPbHHg1XXXevb5dJI7tpyN2ADxGcQbHG7vcyRHk0cbwqcQriUtg==",
            "dev": true
        },
        "node_modules/sax": {
            "version": "1.4.1",
            "resolved": "https://registry.npmjs.org/sax/-/sax-1.4.1.tgz",
            "integrity": "sha512-+aWOz7yVScEGoKNd4PA10LZ8sk0A/z5+nXQG5giUO5rprX9jgYsTdov9qCchZiPIZezbZH+jRut8nPodFAX4Jg==",
            "dev": true
        },
        "node_modules/semver": {
            "version": "5.7.2",
            "resolved": "https://registry.npmjs.org/semver/-/semver-5.7.2.tgz",
            "integrity": "sha512-cBznnQ9KjJqU67B52RMC65CMarK2600WFnbkcaiwWq3xy/5haFJlshgnpjovMVJ+Hff49d8GEn0b87C5pDQ10g==",
            "dev": true,
            "bin": {
                "semver": "bin/semver"
            }
        },
        "node_modules/source-map": {
            "version": "0.6.1",
            "resolved": "https://registry.npmjs.org/source-map/-/source-map-0.6.1.tgz",
            "integrity": "sha512-UjgapumWlbMhkBgzT7Ykc5YXUT46F0iKu8SGXq0bcwP5dz/h0Plj6enJqjz1Zbq2l5WaqYnrVbwWOWMyF3F47g==",
            "dev": true,
            "engines": {
                "node": ">=0.10.0"
            }
        },
        "node_modules/source-map-support": {
            "version": "0.5.21",
            "resolved": "https://registry.npmjs.org/source-map-support/-/source-map-support-0.5.21.tgz",
            "integrity": "sha512-uBHU3L3czsIyYXKX88fdrGovxdSCoTGDRZ6SYXtSRxLZUzHg5P/66Ht6uoUlHu9EZod+inXhKo3qQgwXUT/y1w==",
            "dev": true,
            "dependencies": {
                "buffer-from": "^1.0.0",
                "source-map": "^0.6.0"
            }
        },
        "node_modules/split": {
            "version": "0.3.3",
            "resolved": "https://registry.npmjs.org/split/-/split-0.3.3.tgz",
            "integrity": "sha512-wD2AeVmxXRBoX44wAycgjVpMhvbwdI2aZjCkvfNcH1YqHQvJVa1duWc73OyVGJUc05fhFaTZeQ/PYsrmyH0JVA==",
            "dev": true,
            "dependencies": {
                "through": "2"
            },
            "engines": {
                "node": "*"
            }
        },
        "node_modules/stream-combiner": {
            "version": "0.0.4",
            "resolved": "https://registry.npmjs.org/stream-combiner/-/stream-combiner-0.0.4.tgz",
            "integrity": "sha512-rT00SPnTVyRsaSz5zgSPma/aHSOic5U1prhYdRy5HS2kTZviFpmDgzilbtsJsxiroqACmayynDN/9VzIbX5DOw==",
            "dev": true,
            "dependencies": {
                "duplexer": "~0.1.1"
            }
        },
        "node_modules/string_decoder": {
            "version": "1.1.1",
            "resolved": "https://registry.npmjs.org/string_decoder/-/string_decoder-1.1.1.tgz",
            "integrity": "sha512-n/ShnvDi6FHbbVfviro+WojiFzv+s8MPMHBczVePfUpDJLwoLT0ht1l4YwBCbi8pJAveEEdnkHyPyTP/mzRfwg==",
            "dev": true,
            "dependencies": {
                "safe-buffer": "~5.1.0"
            }
        },
        "node_modules/string_decoder/node_modules/safe-buffer": {
            "version": "5.1.2",
            "resolved": "https://registry.npmjs.org/safe-buffer/-/safe-buffer-5.1.2.tgz",
            "integrity": "sha512-Gd2UZBJDkXlY7GbJxfsE8/nvKkUEU1G38c1siN6QP6a9PT9MmHB8GnpscSmMJSoF8LOIrt8ud/wPtojys4G6+g==",
            "dev": true
        },
        "node_modules/string-width": {
            "version": "4.2.3",
            "resolved": "https://registry.npmjs.org/string-width/-/string-width-4.2.3.tgz",
            "integrity": "sha512-wKyQRQpjJ0sIp62ErSZdGsjMJWsap5oRNihHhu6G7JVO/9jIB6UyevL+tXuOqrng8j/cxKTWyWUwvSTriiZz/g==",
            "dev": true,
            "dependencies": {
                "emoji-regex": "^8.0.0",
                "is-fullwidth-code-point": "^3.0.0",
                "strip-ansi": "^6.0.1"
            },
            "engines": {
                "node": ">=8"
            }
        },
        "node_modules/strip-ansi": {
            "version": "6.0.1",
            "resolved": "https://registry.npmjs.org/strip-ansi/-/strip-ansi-6.0.1.tgz",
            "integrity": "sha512-Y38VPSHcqkFrCpFnQ9vuSXmquuv5oXOKpGeT6aGrr3o3Gc9AlVa6JBfUSOCnbxGGZF+/0ooI7KrPuUSztUdU5A==",
            "dev": true,
            "dependencies": {
                "ansi-regex": "^5.0.1"
            },
            "engines": {
                "node": ">=8"
            }
        },
        "node_modules/supports-color": {
            "version": "5.4.0",
            "resolved": "https://registry.npmjs.org/supports-color/-/supports-color-5.4.0.tgz",
            "integrity": "sha512-zjaXglF5nnWpsq470jSv6P9DwPvgLkuapYmfDm3JWOm0vkNTVF2tI4UrN2r6jH1qM/uc/WtxYY1hYoA2dOKj5w==",
            "dev": true,
            "dependencies": {
                "has-flag": "^3.0.0"
            },
            "engines": {
                "node": ">=4"
            }
        },
        "node_modules/through": {
            "version": "2.3.8",
            "resolved": "https://registry.npmjs.org/through/-/through-2.3.8.tgz",
            "integrity": "sha512-w89qg7PI8wAdvX60bMDP+bFoD5Dvhm9oLheFp5O4a2QF0cSBGsBX4qZmadPMvVqlLJBBci+WqGGOAPvcDeNSVg==",
            "dev": true
        },
        "node_modules/time-stamp": {
            "version": "1.1.0",
            "resolved": "https://registry.npmjs.org/time-stamp/-/time-stamp-1.1.0.tgz",
            "integrity": "sha512-gLCeArryy2yNTRzTGKbZbloctj64jkZ57hj5zdraXue6aFgd6PmvVtEyiUU+hvU0v7q08oVv8r8ev0tRo6bvgw==",
            "dev": true,
            "engines": {
                "node": ">=0.10.0"
            }
        },
        "node_modules/typescript": {
            "version": "4.9.5",
            "resolved": "https://registry.npmjs.org/typescript/-/typescript-4.9.5.tgz",
            "integrity": "sha512-1FXk9E2Hm+QzZQ7z+McJiHL4NW1F2EzMu9Nq9i3zAaGqibafqYwCVU6WyWAuyQRRzOlxou8xZSyXLEN8oKj24g==",
            "dev": true,
            "bin": {
                "tsc": "bin/tsc",
                "tsserver": "bin/tsserver"
            },
            "engines": {
                "node": ">=4.2.0"
            }
        },
        "node_modules/util-deprecate": {
            "version": "1.0.2",
            "resolved": "https://registry.npmjs.org/util-deprecate/-/util-deprecate-1.0.2.tgz",
            "integrity": "sha512-EPD5q1uXyFxJpCrLnCc1nHnq3gOa6DZBocAIiI2TaSCA7VCJ1UJDMagCzIkXNsUYfD1daK//LTEQ8xiIbrHtcw==",
            "dev": true
        },
        "node_modules/vscode": {
            "version": "1.1.37",
            "resolved": "https://registry.npmjs.org/vscode/-/vscode-1.1.37.tgz",
            "integrity": "sha512-vJNj6IlN7IJPdMavlQa1KoFB3Ihn06q1AiN3ZFI/HfzPNzbKZWPPuiU+XkpNOfGU5k15m4r80nxNPlM7wcc0wg==",
            "deprecated": "This package is deprecated in favor of @types/vscode and vscode-test. For more information please read: https://code.visualstudio.com/updates/v1_36#_splitting-vscode-package-into-typesvscode-and-vscodetest",
            "dev": true,
            "dependencies": {
                "glob": "^7.1.2",
                "http-proxy-agent": "^4.0.1",
                "https-proxy-agent": "^5.0.0",
                "mocha": "^5.2.0",
                "semver": "^5.4.1",
                "source-map-support": "^0.5.0",
                "vscode-test": "^0.4.1"
            },
            "bin": {
                "vscode-install": "bin/install"
            },
            "engines": {
                "node": ">=8.9.3"
            }
        },
        "node_modules/vscode-nls": {
            "version": "5.2.0",
            "resolved": "https://registry.npmjs.org/vscode-nls/-/vscode-nls-5.2.0.tgz",
            "integrity": "sha512-RAaHx7B14ZU04EU31pT+rKz2/zSl7xMsfIZuo8pd+KZO6PXtQmpevpq3vxvWNcrGbdmhM/rr5Uw5Mz+NBfhVng=="
        },
        "node_modules/vscode-nls-dev": {
            "version": "4.0.4",
            "resolved": "https://registry.npmjs.org/vscode-nls-dev/-/vscode-nls-dev-4.0.4.tgz",
            "integrity": "sha512-0KQUVkeRTmKVH4a96ZeD+1RgQV6k21YiBYykrvbMX62m6srPC6aU9CWuWT6zrMAB6qmy9sUD0/Bk6P/atLVMrw==",
            "dev": true,
            "dependencies": {
                "ansi-colors": "^4.1.1",
                "clone": "^2.1.2",
                "event-stream": "^3.3.4",
                "fancy-log": "^1.3.3",
                "glob": "^7.2.0",
                "iconv-lite": "^0.6.3",
                "is": "^3.3.0",
                "source-map": "^0.6.1",
                "typescript": "^4.5.4",
                "vinyl": "^2.2.1",
                "xml2js": "^0.5.0",
                "yargs": "^17.3.0"
            },
            "bin": {
                "vscl": "lib/vscl.js"
            }
        },
        "node_modules/vscode-nls-dev/node_modules/clone": {
            "version": "2.1.2",
            "resolved": "https://registry.npmjs.org/clone/-/clone-2.1.2.tgz",
            "integrity": "sha512-3Pe/CF1Nn94hyhIYpjtiLhdCoEoz0DqQ+988E9gmeEdQZlojxnOb74wctFyuwWQHzqyf9X7C7MG8juUpqBJT8w==",
            "dev": true,
            "engines": {
                "node": ">=0.8"
            }
        },
        "node_modules/vscode-nls-dev/node_modules/vinyl": {
            "version": "2.2.1",
            "resolved": "https://registry.npmjs.org/vinyl/-/vinyl-2.2.1.tgz",
            "integrity": "sha512-LII3bXRFBZLlezoG5FfZVcXflZgWP/4dCwKtxd5ky9+LOtM4CS3bIRQsmR1KMnMW07jpE8fqR2lcxPZ+8sJIcw==",
            "dev": true,
            "dependencies": {
                "clone": "^2.1.1",
                "clone-buffer": "^1.0.0",
                "clone-stats": "^1.0.0",
                "cloneable-readable": "^1.0.0",
                "remove-trailing-separator": "^1.0.1",
                "replace-ext": "^1.0.0"
            },
            "engines": {
                "node": ">= 0.10"
            }
        },
        "node_modules/vscode-test": {
            "version": "0.4.3",
            "resolved": "https://registry.npmjs.org/vscode-test/-/vscode-test-0.4.3.tgz",
            "integrity": "sha512-EkMGqBSefZH2MgW65nY05rdRSko15uvzq4VAPM5jVmwYuFQKE7eikKXNJDRxL+OITXHB6pI+a3XqqD32Y3KC5w==",
            "deprecated": "This package has been renamed to @vscode/test-electron, please update to the new name",
            "dev": true,
            "dependencies": {
                "http-proxy-agent": "^2.1.0",
                "https-proxy-agent": "^2.2.1"
            },
            "engines": {
                "node": ">=8.9.3"
            }
        },
        "node_modules/vscode-test/node_modules/agent-base": {
            "version": "4.3.0",
            "resolved": "https://registry.npmjs.org/agent-base/-/agent-base-4.3.0.tgz",
            "integrity": "sha512-salcGninV0nPrwpGNn4VTXBb1SOuXQBiqbrNXoeizJsHrsL6ERFM2Ne3JUSBWRE6aeNJI2ROP/WEEIDUiDe3cg==",
            "dev": true,
            "dependencies": {
                "es6-promisify": "^5.0.0"
            },
            "engines": {
                "node": ">= 4.0.0"
            }
        },
        "node_modules/vscode-test/node_modules/debug": {
            "version": "3.1.0",
            "resolved": "https://registry.npmjs.org/debug/-/debug-3.1.0.tgz",
            "integrity": "sha512-OX8XqP7/1a9cqkxYw2yXss15f26NKWBpDXQd0/uK/KPqdQhxbPa994hnzjcE2VqQpDslf55723cKPUOGSmMY3g==",
            "dev": true,
            "dependencies": {
                "ms": "2.0.0"
            }
        },
        "node_modules/vscode-test/node_modules/http-proxy-agent": {
            "version": "2.1.0",
            "resolved": "https://registry.npmjs.org/http-proxy-agent/-/http-proxy-agent-2.1.0.tgz",
            "integrity": "sha512-qwHbBLV7WviBl0rQsOzH6o5lwyOIvwp/BdFnvVxXORldu5TmjFfjzBcWUWS5kWAZhmv+JtiDhSuQCp4sBfbIgg==",
            "dev": true,
            "dependencies": {
                "agent-base": "4",
                "debug": "3.1.0"
            },
            "engines": {
                "node": ">= 4.5.0"
            }
        },
        "node_modules/vscode-test/node_modules/https-proxy-agent": {
            "version": "2.2.4",
            "resolved": "https://registry.npmjs.org/https-proxy-agent/-/https-proxy-agent-2.2.4.tgz",
            "integrity": "sha512-OmvfoQ53WLjtA9HeYP9RNrWMJzzAz1JGaSFr1nijg0PVR1JaD/xbJq1mdEIIlxGpXp9eSe/O2LgU9DJmTPd0Eg==",
            "dev": true,
            "dependencies": {
                "agent-base": "^4.3.0",
                "debug": "^3.1.0"
            },
            "engines": {
                "node": ">= 4.5.0"
            }
        },
        "node_modules/vscode-test/node_modules/ms": {
            "version": "2.0.0",
            "resolved": "https://registry.npmjs.org/ms/-/ms-2.0.0.tgz",
            "integrity": "sha512-Tpp60P6IUJDTuOq/5Z8cdskzJujfwqfOTkrwIwj7IRISpnkJnT6SyJ4PCPnGMoFjC9ddhal5KVIYtAt97ix05A==",
            "dev": true
        },
        "node_modules/wrap-ansi": {
            "version": "7.0.0",
            "resolved": "https://registry.npmjs.org/wrap-ansi/-/wrap-ansi-7.0.0.tgz",
            "integrity": "sha512-YVGIj2kamLSTxw6NsZjoBxfSwsn0ycdesmc4p+Q21c5zPuZ1pl+NfxVdxPtdHvmNVOQ6XSYG4AUtyt/Fi7D16Q==",
            "dev": true,
            "dependencies": {
                "ansi-styles": "^4.0.0",
                "string-width": "^4.1.0",
                "strip-ansi": "^6.0.0"
            },
            "engines": {
                "node": ">=10"
            },
            "funding": {
                "url": "https://github.com/chalk/wrap-ansi?sponsor=1"
            }
        },
        "node_modules/wrappy": {
            "version": "1.0.2",
            "resolved": "https://registry.npmjs.org/wrappy/-/wrappy-1.0.2.tgz",
            "integrity": "sha512-l4Sp/DRseor9wL6EvV2+TuQn63dMkPjZ/sp9XkghTEbV9KlPS1xUsZ3u7/IQO4wxtcFB4bgpQPRcR3QCvezPcQ==",
            "dev": true
        },
        "node_modules/xml2js": {
            "version": "0.5.0",
            "resolved": "https://registry.npmjs.org/xml2js/-/xml2js-0.5.0.tgz",
            "integrity": "sha512-drPFnkQJik/O+uPKpqSgr22mpuFHqKdbS835iAQrUC73L2F5WkboIRd63ai/2Yg6I1jzifPFKH2NTK+cfglkIA==",
            "dev": true,
            "dependencies": {
                "sax": ">=0.6.0",
                "xmlbuilder": "~11.0.0"
            },
            "engines": {
                "node": ">=4.0.0"
            }
        },
        "node_modules/xmlbuilder": {
            "version": "11.0.1",
            "resolved": "https://registry.npmjs.org/xmlbuilder/-/xmlbuilder-11.0.1.tgz",
            "integrity": "sha512-fDlsI/kFEx7gLvbecc0/ohLG50fugQp8ryHzMTuW9vSa1GJ0XYWKnhsUx7oie3G98+r56aTQIUB4kht42R3JvA==",
            "dev": true,
            "engines": {
                "node": ">=4.0"
            }
        },
        "node_modules/y18n": {
            "version": "5.0.8",
            "resolved": "https://registry.npmjs.org/y18n/-/y18n-5.0.8.tgz",
            "integrity": "sha512-0pfFzegeDWJHJIAmTLRP2DwHjdF5s7jo9tuztdQxAhINCdvS+3nGINqPd00AphqJR/0LhANUS6/+7SCb98YOfA==",
            "dev": true,
            "engines": {
                "node": ">=10"
            }
        },
        "node_modules/yargs": {
            "version": "17.7.2",
            "resolved": "https://registry.npmjs.org/yargs/-/yargs-17.7.2.tgz",
            "integrity": "sha512-7dSzzRQ++CKnNI/krKnYRV7JKKPUXMEh61soaHKg9mrWEhzFWhFnxPxGl+69cD1Ou63C13NUPCnmIcrvqCuM6w==",
            "dev": true,
            "dependencies": {
                "cliui": "^8.0.1",
                "escalade": "^3.1.1",
                "get-caller-file": "^2.0.5",
                "require-directory": "^2.1.1",
                "string-width": "^4.2.3",
                "y18n": "^5.0.5",
                "yargs-parser": "^21.1.1"
            },
            "engines": {
                "node": ">=12"
            }
        },
        "node_modules/yargs-parser": {
            "version": "21.1.1",
            "resolved": "https://registry.npmjs.org/yargs-parser/-/yargs-parser-21.1.1.tgz",
            "integrity": "sha512-tVpsJW7DdjecAiFpbIB1e3qxIQsE6NoPc5/eTdrbbIC4h0LVsWhnoa3g+m2HclBIujHzsxZ4VJVA+GUuc2/LBw==",
            "dev": true,
            "engines": {
                "node": ">=12"
            }
        }
    }
}
